PODS:
  - SDWebImage (4.2.2):
    - SDWebImage/Core (= 4.2.2)
  - SDWebImage/Core (4.2.2)
  - SocketRocket (0.5.1)
  - WeexSDK (0.16.2)
  - WXDevtool (0.15.3):
    - WeexSDK

DEPENDENCIES:
  - SDWebImage
  - SocketRocket
  - WeexSDK
  - WXDevtool

SPEC REPOS:
  https://github.com/CocoaPods/Specs.git:
    - SDWebImage
    - SocketRocket
    - WeexSDK
    - WXDevtool

SPEC CHECKSUMS:
  SDWebImage: 89a9d32cd520bbb46eb14e541d5109b3564af198
  SocketRocket: d57c7159b83c3c6655745cd15302aa24b6bae531
  WeexSDK: 854ef66c9a90d609ad60e87c8b76affe2b772224
  WXDevtool: 6c837383e778a9442ee500db4069a95be321dac6

PODFILE CHECKSUM: cab90578925b924213174604cbf54240a6df4764

COCOAPODS: 1.5.0
